<?xml version="1.0" encoding="utf-8"?>
<Project ToolsVersion="4.0" xmlns="http://schemas.microsoft.com/developer/msbuild/2003">
  <ItemGroup>
    <Filter Include="Common">
      <UniqueIdentifier>12383e47-5870-4f96-8e0b-89f7545aed3f</UniqueIdentifier>
    </Filter>
    <Filter Include="Assets">
      <UniqueIdentifier>0b6dc6a4-7b0a-4ba6-9a5e-bf83cf5b0a35</UniqueIdentifier>
      <Extensions>ico;cur;bmp;dds;dlg;fbx;rct;bin;rgs;gif;jpg;jpeg;jpe;resx;tga;tiff;tif;png;wav;mfcribbon-ms</Extensions>
    </Filter>
    <Filter Include="Dat reader">
      <UniqueIdentifier>{56623841-5e47-4f82-8447-75f3e46bb931}</UniqueIdentifier>
    </Filter>
    <Filter Include="Dear ImGui">
      <UniqueIdentifier>{9fbd45fa-c8eb-4913-b676-8dc7dc89a27f}</UniqueIdentifier>
    </Filter>
    <Filter Include="Dear ImGui\ImGuiFileDialog">
      <UniqueIdentifier>{3521ebb7-dacf-4a31-916d-69e6b2c176f3}</UniqueIdentifier>
    </Filter>
    <Filter Include="Dear ImGui\ImGuiFileDialog\dirent">
      <UniqueIdentifier>{0b366aa0-4fe5-47ea-815b-a482f1ba2ac0}</UniqueIdentifier>
    </Filter>
    <Filter Include="GUI">
      <UniqueIdentifier>{8f5f4689-366c-4a1f-b66c-78e4af6dbe96}</UniqueIdentifier>
    </Filter>
    <Filter Include="Render">
      <UniqueIdentifier>{63f4bdcd-7104-45e6-b225-dce245392bda}</UniqueIdentifier>
    </Filter>
    <Filter Include="Dat reader\Dat file parsers">
      <UniqueIdentifier>{339e02d8-b05a-4499-ac80-8f19761020d6}</UniqueIdentifier>
    </Filter>
    <Filter Include="Render\Shaders">
      <UniqueIdentifier>{225caeae-25de-421d-8366-50c2e0f93d13}</UniqueIdentifier>
    </Filter>
    <Filter Include="Render\Constant buffers">
      <UniqueIdentifier>{5f85670d-2780-4536-aca3-cb44b059264a}</UniqueIdentifier>
    </Filter>
    <Filter Include="Render\Render constants">
      <UniqueIdentifier>{58da3290-5890-4187-a825-10265d9a4b6d}</UniqueIdentifier>
    </Filter>
    <Filter Include="Input">
      <UniqueIdentifier>{530770c3-8d33-49c7-8cd9-9cc4c604a87b}</UniqueIdentifier>
    </Filter>
    <Filter Include="Render\Camera">
      <UniqueIdentifier>{e3a0949c-9bcd-47c4-924b-29280e2d6ea5}</UniqueIdentifier>
    </Filter>
    <Filter Include="Render\Basic shapes">
      <UniqueIdentifier>{a0ff3d44-5316-46df-8ed5-b6c0db385dd7}</UniqueIdentifier>
    </Filter>
    <Filter Include="Render\Renderer">
      <UniqueIdentifier>{eeef9eef-ab2e-4957-b093-0e82fd7ad737}</UniqueIdentifier>
    </Filter>
    <Filter Include="Render\Structs">
      <UniqueIdentifier>{a12abb2f-d2f6-42d1-9c3e-f4bd797227db}</UniqueIdentifier>
    </Filter>
    <Filter Include="Render\Renderer\Map renderer">
      <UniqueIdentifier>{449a272d-07f5-43c1-a994-bb0e36e6fced}</UniqueIdentifier>
    </Filter>
    <Filter Include="Render\Math helpers">
      <UniqueIdentifier>{b2f31f3a-3b65-4570-9606-5e263b7131ca}</UniqueIdentifier>
    </Filter>
    <Filter Include="Render\Textures">
      <UniqueIdentifier>{0404d6fd-01a9-4053-8cbd-fac666d86b7a}</UniqueIdentifier>
    </Filter>
    <Filter Include="Render\Terrain">
      <UniqueIdentifier>{f9aafacb-1ef7-42b2-af72-0f5f02ae2798}</UniqueIdentifier>
    </Filter>
  </ItemGroup>
  <ItemGroup>
    <ClInclude Include="pch.h" />
    <ClInclude Include="MapBrowser.h" />
    <ClInclude Include="StepTimer.h">
      <Filter>Common</Filter>
    </ClInclude>
    <ClInclude Include="DeviceResources.h">
      <Filter>Common</Filter>
    </ClInclude>
    <ClInclude Include="AtexAsm.h">
      <Filter>Dat reader</Filter>
    </ClInclude>
    <ClInclude Include="AtexReader.h">
      <Filter>Dat reader</Filter>
    </ClInclude>
    <ClInclude Include="GWUnpacker.h">
      <Filter>Dat reader</Filter>
    </ClInclude>
    <ClInclude Include="xentax.h">
      <Filter>Dat reader</Filter>
    </ClInclude>
    <ClInclude Include="DATManager.h">
      <Filter>Dat reader</Filter>
    </ClInclude>
    <ClInclude Include="DearImGui\imconfig.h">
      <Filter>Dear ImGui</Filter>
    </ClInclude>
    <ClInclude Include="DearImGui\imgui.h">
      <Filter>Dear ImGui</Filter>
    </ClInclude>
    <ClInclude Include="DearImGui\imgui_impl_dx11.h">
      <Filter>Dear ImGui</Filter>
    </ClInclude>
    <ClInclude Include="DearImGui\imgui_impl_win32.h">
      <Filter>Dear ImGui</Filter>
    </ClInclude>
    <ClInclude Include="DearImGui\imgui_internal.h">
      <Filter>Dear ImGui</Filter>
    </ClInclude>
    <ClInclude Include="DearImGui\imstb_rectpack.h">
      <Filter>Dear ImGui</Filter>
    </ClInclude>
    <ClInclude Include="DearImGui\imstb_textedit.h">
      <Filter>Dear ImGui</Filter>
    </ClInclude>
    <ClInclude Include="DearImGui\imstb_truetype.h">
      <Filter>Dear ImGui</Filter>
    </ClInclude>
    <ClInclude Include="ImGuiFileDialog-Lib_Only\ImGuiFileDialog.h">
      <Filter>Dear ImGui\ImGuiFileDialog</Filter>
    </ClInclude>
    <ClInclude Include="ImGuiFileDialog-Lib_Only\ImGuiFileDialogConfig.h">
      <Filter>Dear ImGui\ImGuiFileDialog</Filter>
    </ClInclude>
    <ClInclude Include="ImGuiFileDialog-Lib_Only\dirent\dirent.h">
      <Filter>Dear ImGui\ImGuiFileDialog\dirent</Filter>
    </ClInclude>
    <ClInclude Include="draw_dat_browser.h">
      <Filter>GUI</Filter>
    </ClInclude>
    <ClInclude Include="GuiGlobalConstants.h">
      <Filter>GUI</Filter>
    </ClInclude>
    <ClInclude Include="DearImGui\misc\cpp\imgui_stdlib.h">
      <Filter>Dear ImGui</Filter>
    </ClInclude>
    <ClInclude Include="FFNA_MapFile.h">
      <Filter>Dat reader\Dat file parsers</Filter>
    </ClInclude>
    <ClInclude Include="FFNAType.h">
      <Filter>Dat reader\Dat file parsers</Filter>
    </ClInclude>
    <ClInclude Include="ConstantBufferManager.h">
      <Filter>Render\Constant buffers</Filter>
    </ClInclude>
    <ClInclude Include="PerFrameCB.h">
      <Filter>Render\Constant buffers</Filter>
    </ClInclude>
    <ClInclude Include="PerCameraCB.h">
      <Filter>Render\Constant buffers</Filter>
    </ClInclude>
    <ClInclude Include="PerObjectCB.h">
      <Filter>Render\Constant buffers</Filter>
    </ClInclude>
    <ClInclude Include="RenderConstants.h">
      <Filter>Render\Render constants</Filter>
    </ClInclude>
    <ClInclude Include="InputManager.h">
      <Filter>Input</Filter>
    </ClInclude>
    <ClInclude Include="Camera.h">
      <Filter>Render\Camera</Filter>
    </ClInclude>
    <ClInclude Include="MouseMoveListener.h">
      <Filter>Input</Filter>
    </ClInclude>
    <ClInclude Include="Terrain.h">
      <Filter>Render\Terrain</Filter>
    </ClInclude>
    <ClInclude Include="MeshManager.h">
      <Filter>Render\Renderer</Filter>
    </ClInclude>
    <ClInclude Include="MeshInstance.h">
      <Filter>Render\Renderer</Filter>
    </ClInclude>
    <ClInclude Include="Vertex.h">
      <Filter>Render\Structs</Filter>
    </ClInclude>
    <ClInclude Include="DirectionalLight.h">
      <Filter>Render\Structs</Filter>
    </ClInclude>
    <ClInclude Include="Mesh.h">
      <Filter>Render\Structs</Filter>
    </ClInclude>
    <ClInclude Include="RenderCommand.h">
      <Filter>Render\Renderer</Filter>
    </ClInclude>
    <ClInclude Include="RenderBatch.h">
      <Filter>Render\Renderer</Filter>
    </ClInclude>
    <ClInclude Include="Box.h">
      <Filter>Render\Basic shapes</Filter>
    </ClInclude>
    <ClInclude Include="Sphere.h">
      <Filter>Render\Basic shapes</Filter>
    </ClInclude>
    <ClInclude Include="Line.h">
      <Filter>Render\Basic shapes</Filter>
    </ClInclude>
    <ClInclude Include="MapRenderer.h">
      <Filter>Render\Renderer\Map renderer</Filter>
    </ClInclude>
    <ClInclude Include="VertexShader.h">
      <Filter>Render\Shaders</Filter>
    </ClInclude>
    <ClInclude Include="PixelShader.h">
      <Filter>Render\Shaders</Filter>
    </ClInclude>
    <ClInclude Include="DXMathHelpers.h" />
    <ClInclude Include="CheckerboardTexture.h">
      <Filter>Render\Textures</Filter>
    </ClInclude>
    <ClInclude Include="TextureManager.h" />
  </ItemGroup>
  <ItemGroup>
    <ClCompile Include="pch.cpp" />
    <ClCompile Include="MapBrowser.cpp" />
    <ClCompile Include="Main.cpp" />
    <ClCompile Include="DeviceResources.cpp">
      <Filter>Common</Filter>
    </ClCompile>
    <ClCompile Include="AtexAsm.cpp">
      <Filter>Dat reader</Filter>
    </ClCompile>
    <ClCompile Include="AtexReader.cpp">
      <Filter>Dat reader</Filter>
    </ClCompile>
    <ClCompile Include="GWUnpacker.cpp">
      <Filter>Dat reader</Filter>
    </ClCompile>
    <ClCompile Include="xentax.cpp">
      <Filter>Dat reader</Filter>
    </ClCompile>
    <ClCompile Include="DATManager.cpp">
      <Filter>Dat reader</Filter>
    </ClCompile>
    <ClCompile Include="DearImGui\imgui.cpp">
      <Filter>Dear ImGui</Filter>
    </ClCompile>
    <ClCompile Include="DearImGui\imgui_demo.cpp">
      <Filter>Dear ImGui</Filter>
    </ClCompile>
    <ClCompile Include="DearImGui\imgui_impl_dx11.cpp">
      <Filter>Dear ImGui</Filter>
    </ClCompile>
    <ClCompile Include="DearImGui\imgui_impl_win32.cpp">
      <Filter>Dear ImGui</Filter>
    </ClCompile>
    <ClCompile Include="DearImGui\imgui_tables.cpp">
      <Filter>Dear ImGui</Filter>
    </ClCompile>
    <ClCompile Include="DearImGui\imgui_widgets.cpp">
      <Filter>Dear ImGui</Filter>
    </ClCompile>
    <ClCompile Include="DearImGui\imgui_draw.cpp">
      <Filter>Dear ImGui</Filter>
    </ClCompile>
    <ClCompile Include="ImGuiFileDialog-Lib_Only\ImGuiFileDialog.cpp">
      <Filter>Dear ImGui\ImGuiFileDialog</Filter>
    </ClCompile>
    <ClCompile Include="draw_dat_browser.cpp">
      <Filter>GUI</Filter>
    </ClCompile>
    <ClCompile Include="GuiGlobalConstants.cpp">
      <Filter>GUI</Filter>
    </ClCompile>
    <ClCompile Include="DearImGui\misc\cpp\imgui_stdlib.cpp">
      <Filter>Dear ImGui</Filter>
    </ClCompile>
    <ClCompile Include="FFNA_MapFile.cpp">
      <Filter>Dat reader\Dat file parsers</Filter>
    </ClCompile>
    <ClCompile Include="ConstantBufferManager.cpp">
      <Filter>Render\Constant buffers</Filter>
    </ClCompile>
    <ClCompile Include="PerFrameCB.cpp">
      <Filter>Render\Constant buffers</Filter>
    </ClCompile>
    <ClCompile Include="PerCameraCB.cpp">
      <Filter>Render\Constant buffers</Filter>
    </ClCompile>
    <ClCompile Include="PerObjectCB.cpp">
      <Filter>Render\Constant buffers</Filter>
    </ClCompile>
    <ClCompile Include="RenderConstants.cpp">
      <Filter>Render\Render constants</Filter>
    </ClCompile>
    <ClCompile Include="InputManager.cpp">
      <Filter>Input</Filter>
    </ClCompile>
    <ClCompile Include="Camera.cpp">
      <Filter>Render\Camera</Filter>
    </ClCompile>
    <ClCompile Include="MouseMoveListener.cpp">
      <Filter>Input</Filter>
    </ClCompile>
    <ClCompile Include="Terrain.cpp">
      <Filter>Render\Terrain</Filter>
    </ClCompile>
    <ClCompile Include="MeshManager.cpp">
      <Filter>Render\Renderer</Filter>
    </ClCompile>
    <ClCompile Include="MeshInstance.cpp">
      <Filter>Render\Renderer</Filter>
    </ClCompile>
    <ClCompile Include="DirectionalLight.cpp">
      <Filter>Render\Structs</Filter>
    </ClCompile>
    <ClCompile Include="Mesh.cpp">
      <Filter>Render\Structs</Filter>
    </ClCompile>
    <ClCompile Include="Vertex.cpp">
      <Filter>Render\Structs</Filter>
    </ClCompile>
    <ClCompile Include="RenderCommand.cpp">
      <Filter>Render\Renderer</Filter>
    </ClCompile>
    <ClCompile Include="RenderBatch.cpp">
      <Filter>Render\Renderer</Filter>
    </ClCompile>
    <ClCompile Include="Box.cpp">
      <Filter>Render\Basic shapes</Filter>
    </ClCompile>
    <ClCompile Include="Sphere.cpp">
      <Filter>Render\Basic shapes</Filter>
    </ClCompile>
    <ClCompile Include="Line.cpp">
      <Filter>Render\Basic shapes</Filter>
    </ClCompile>
    <ClCompile Include="MapRenderer.cpp">
      <Filter>Render\Renderer\Map renderer</Filter>
    </ClCompile>
    <ClCompile Include="VertexShader.cpp">
      <Filter>Render\Shaders</Filter>
    </ClCompile>
    <ClCompile Include="PixelShader.cpp">
      <Filter>Render\Shaders</Filter>
    </ClCompile>
    <ClCompile Include="DXMathHelpers.cpp" />
    <ClCompile Include="CheckerboardTexture.cpp">
      <Filter>Render\Textures</Filter>
    </ClCompile>
    <ClCompile Include="TextureManager.cpp" />
  </ItemGroup>
  <ItemGroup>
    <ResourceCompile Include="resource.rc" />
  </ItemGroup>
  <ItemGroup>
    <Image Include="directx.ico">
      <Filter>Assets</Filter>
    </Image>
  </ItemGroup>
  <ItemGroup>
    <Manifest Include="settings.manifest">
      <Filter>Assets</Filter>
    </Manifest>
  </ItemGroup>
  <ItemGroup>
    <Text Include="DearImGui\LICENSE.txt">
      <Filter>Dear ImGui</Filter>
    </Text>
  </ItemGroup>
  <ItemGroup>
    <None Include="ImGuiFileDialog-Lib_Only\LICENSE">
      <Filter>Dear ImGui\ImGuiFileDialog</Filter>
    </None>
    <None Include="ImGuiFileDialog-Lib_Only\README.md">
      <Filter>Dear ImGui\ImGuiFileDialog</Filter>
    </None>
    <None Include="ImGuiFileDialog-Lib_Only\dirent\ChangeLog">
      <Filter>Dear ImGui\ImGuiFileDialog\dirent</Filter>
    </None>
    <None Include="ImGuiFileDialog-Lib_Only\dirent\LICENSE">
      <Filter>Dear ImGui\ImGuiFileDialog\dirent</Filter>
    </None>
    <None Include="ImGuiFileDialog-Lib_Only\dirent\README.md">
      <Filter>Dear ImGui\ImGuiFileDialog\dirent</Filter>
    </None>
  </ItemGroup>
  <ItemGroup>
    <FxCompile Include="VertexShader.hlsl">
      <Filter>Render\Shaders</Filter>
    </FxCompile>
    <FxCompile Include="PixelShader.hlsl">
      <Filter>Render\Shaders</Filter>
    </FxCompile>
  </ItemGroup>
</Project>