<?xml version="1.0" encoding="utf-8"?>
<Project ToolsVersion="4.0" xmlns="http://schemas.microsoft.com/developer/msbuild/2003">
  <ItemGroup>
    <Filter Include="Common">
      <UniqueIdentifier>12383e47-5870-4f96-8e0b-89f7545aed3f</UniqueIdentifier>
    </Filter>
    <Filter Include="Assets">
      <UniqueIdentifier>0b6dc6a4-7b0a-4ba6-9a5e-bf83cf5b0a35</UniqueIdentifier>
      <Extensions>ico;cur;bmp;dds;dlg;fbx;rct;bin;rgs;gif;jpg;jpeg;jpe;resx;tga;tiff;tif;png;wav;mfcribbon-ms</Extensions>
    </Filter>
    <Filter Include="Dat reader">
      <UniqueIdentifier>{56623841-5e47-4f82-8447-75f3e46bb931}</UniqueIdentifier>
    </Filter>
    <Filter Include="Dear ImGui">
      <UniqueIdentifier>{9fbd45fa-c8eb-4913-b676-8dc7dc89a27f}</UniqueIdentifier>
    </Filter>
    <Filter Include="Dear ImGui\ImGuiFileDialog">
      <UniqueIdentifier>{3521ebb7-dacf-4a31-916d-69e6b2c176f3}</UniqueIdentifier>
    </Filter>
    <Filter Include="Dear ImGui\ImGuiFileDialog\dirent">
      <UniqueIdentifier>{0b366aa0-4fe5-47ea-815b-a482f1ba2ac0}</UniqueIdentifier>
    </Filter>
    <Filter Include="GUI">
      <UniqueIdentifier>{8f5f4689-366c-4a1f-b66c-78e4af6dbe96}</UniqueIdentifier>
    </Filter>
    <Filter Include="Dat reader\Dat file parsers">
      <UniqueIdentifier>{339e02d8-b05a-4499-ac80-8f19761020d6}</UniqueIdentifier>
    </Filter>
    <Filter Include="Input">
      <UniqueIdentifier>{530770c3-8d33-49c7-8cd9-9cc4c604a87b}</UniqueIdentifier>
    </Filter>
    <Filter Include="Dat reader\Dat file parsers\Map">
      <UniqueIdentifier>{c2ee8a4e-07a0-4371-8ce8-4407ae267a2e}</UniqueIdentifier>
    </Filter>
    <Filter Include="Dat reader\Dat file parsers\Model">
      <UniqueIdentifier>{ada7744b-4c9f-48ad-b4e4-1961b6ed6a23}</UniqueIdentifier>
    </Filter>
    <Filter Include="GUI\Draw map chunks info">
      <UniqueIdentifier>{fc8d1ea5-3477-4952-a789-684068f4ff52}</UniqueIdentifier>
    </Filter>
    <Filter Include="GUI\Draw model info">
      <UniqueIdentifier>{0e70a3a4-b3b5-40ac-af1f-a6b3fd7237e8}</UniqueIdentifier>
    </Filter>
    <Filter Include="Input\Render">
      <UniqueIdentifier>{63f4bdcd-7104-45e6-b225-dce245392bda}</UniqueIdentifier>
    </Filter>
    <Filter Include="Input\Render\Shaders">
      <UniqueIdentifier>{225caeae-25de-421d-8366-50c2e0f93d13}</UniqueIdentifier>
    </Filter>
    <Filter Include="Input\Render\Shaders\Pixel shaders">
      <UniqueIdentifier>{6508be56-aa10-4fb3-bddd-2f5e78dbb4c2}</UniqueIdentifier>
    </Filter>
    <Filter Include="Input\Render\Shaders\Pixel shaders\Terrain">
      <UniqueIdentifier>{708c2a12-6b7a-4aae-aa68-13473e0f6724}</UniqueIdentifier>
    </Filter>
    <Filter Include="Input\Render\Shaders\Pixel shaders\Default">
      <UniqueIdentifier>{324dac91-05ad-494d-b16b-dd777c02705a}</UniqueIdentifier>
    </Filter>
    <Filter Include="Input\Render\Constant buffers">
      <UniqueIdentifier>{5f85670d-2780-4536-aca3-cb44b059264a}</UniqueIdentifier>
    </Filter>
    <Filter Include="Input\Render\Render constants">
      <UniqueIdentifier>{58da3290-5890-4187-a825-10265d9a4b6d}</UniqueIdentifier>
    </Filter>
    <Filter Include="Input\Render\Camera">
      <UniqueIdentifier>{e3a0949c-9bcd-47c4-924b-29280e2d6ea5}</UniqueIdentifier>
    </Filter>
    <Filter Include="Input\Render\Basic shapes">
      <UniqueIdentifier>{a0ff3d44-5316-46df-8ed5-b6c0db385dd7}</UniqueIdentifier>
    </Filter>
    <Filter Include="Input\Render\Renderer">
      <UniqueIdentifier>{eeef9eef-ab2e-4957-b093-0e82fd7ad737}</UniqueIdentifier>
    </Filter>
    <Filter Include="Input\Render\Renderer\Map renderer">
      <UniqueIdentifier>{449a272d-07f5-43c1-a994-bb0e36e6fced}</UniqueIdentifier>
    </Filter>
    <Filter Include="Input\Render\Structs">
      <UniqueIdentifier>{a12abb2f-d2f6-42d1-9c3e-f4bd797227db}</UniqueIdentifier>
    </Filter>
    <Filter Include="Input\Render\Math helpers">
      <UniqueIdentifier>{b2f31f3a-3b65-4570-9606-5e263b7131ca}</UniqueIdentifier>
    </Filter>
    <Filter Include="Input\Render\Textures">
      <UniqueIdentifier>{0404d6fd-01a9-4053-8cbd-fac666d86b7a}</UniqueIdentifier>
    </Filter>
    <Filter Include="Input\Render\Terrain">
      <UniqueIdentifier>{f9aafacb-1ef7-42b2-af72-0f5f02ae2798}</UniqueIdentifier>
    </Filter>
    <Filter Include="Dat reader\Dat file parsers\Texture">
      <UniqueIdentifier>{f0c6d069-cc47-4e64-a8ef-5c794dfdc661}</UniqueIdentifier>
    </Filter>
    <Filter Include="GUI\TexturePanel">
      <UniqueIdentifier>{3102a9d6-166c-4f98-b19d-d482f1e84192}</UniqueIdentifier>
    </Filter>
    <Filter Include="Dat reader\DDS DirectXTex">
      <UniqueIdentifier>{346dff3f-4c3a-4b52-bc34-06161203469e}</UniqueIdentifier>
    </Filter>
    <Filter Include="Input\Render\Blend">
      <UniqueIdentifier>{cc7be27a-d599-44cf-a57b-14e0e22d12f7}</UniqueIdentifier>
    </Filter>
  </ItemGroup>
  <ItemGroup>
    <ClInclude Include="DearImGui\imconfig.h">
      <Filter>Dear ImGui</Filter>
    </ClInclude>
    <ClInclude Include="DearImGui\imgui.h">
      <Filter>Dear ImGui</Filter>
    </ClInclude>
    <ClInclude Include="DearImGui\imgui_impl_dx11.h">
      <Filter>Dear ImGui</Filter>
    </ClInclude>
    <ClInclude Include="DearImGui\imgui_impl_win32.h">
      <Filter>Dear ImGui</Filter>
    </ClInclude>
    <ClInclude Include="DearImGui\imgui_internal.h">
      <Filter>Dear ImGui</Filter>
    </ClInclude>
    <ClInclude Include="DearImGui\imstb_rectpack.h">
      <Filter>Dear ImGui</Filter>
    </ClInclude>
    <ClInclude Include="DearImGui\imstb_textedit.h">
      <Filter>Dear ImGui</Filter>
    </ClInclude>
    <ClInclude Include="DearImGui\imstb_truetype.h">
      <Filter>Dear ImGui</Filter>
    </ClInclude>
    <ClInclude Include="ImGuiFileDialog-Lib_Only\ImGuiFileDialog.h">
      <Filter>Dear ImGui\ImGuiFileDialog</Filter>
    </ClInclude>
    <ClInclude Include="ImGuiFileDialog-Lib_Only\ImGuiFileDialogConfig.h">
      <Filter>Dear ImGui\ImGuiFileDialog</Filter>
    </ClInclude>
    <ClInclude Include="ImGuiFileDialog-Lib_Only\dirent\dirent.h">
      <Filter>Dear ImGui\ImGuiFileDialog\dirent</Filter>
    </ClInclude>
    <ClInclude Include="DearImGui\misc\cpp\imgui_stdlib.h">
      <Filter>Dear ImGui</Filter>
    </ClInclude>
    <ClInclude Include="SourceFiles\MapBrowser.h" />
    <ClInclude Include="SourceFiles\pch.h" />
    <ClInclude Include="SourceFiles\InputManager.h">
      <Filter>Input</Filter>
    </ClInclude>
    <ClInclude Include="SourceFiles\MouseMoveListener.h">
      <Filter>Input</Filter>
    </ClInclude>
    <ClInclude Include="SourceFiles\Box.h">
      <Filter>Input\Render\Basic shapes</Filter>
    </ClInclude>
    <ClInclude Include="SourceFiles\Line.h">
      <Filter>Input\Render\Basic shapes</Filter>
    </ClInclude>
    <ClInclude Include="SourceFiles\Sphere.h">
      <Filter>Input\Render\Basic shapes</Filter>
    </ClInclude>
    <ClInclude Include="SourceFiles\Camera.h">
      <Filter>Input\Render\Camera</Filter>
    </ClInclude>
    <ClInclude Include="SourceFiles\ConstantBufferManager.h">
      <Filter>Input\Render\Constant buffers</Filter>
    </ClInclude>
    <ClInclude Include="SourceFiles\PerCameraCB.h">
      <Filter>Input\Render\Constant buffers</Filter>
    </ClInclude>
    <ClInclude Include="SourceFiles\PerFrameCB.h">
      <Filter>Input\Render\Constant buffers</Filter>
    </ClInclude>
    <ClInclude Include="SourceFiles\PerObjectCB.h">
      <Filter>Input\Render\Constant buffers</Filter>
    </ClInclude>
    <ClInclude Include="SourceFiles\RenderConstants.h">
      <Filter>Input\Render\Render constants</Filter>
    </ClInclude>
    <ClInclude Include="SourceFiles\MeshInstance.h">
      <Filter>Input\Render\Renderer</Filter>
    </ClInclude>
    <ClInclude Include="SourceFiles\MeshManager.h">
      <Filter>Input\Render\Renderer</Filter>
    </ClInclude>
    <ClInclude Include="SourceFiles\RenderCommand.h">
      <Filter>Input\Render\Renderer</Filter>
    </ClInclude>
    <ClInclude Include="SourceFiles\RenderBatch.h">
      <Filter>Input\Render\Renderer</Filter>
    </ClInclude>
    <ClInclude Include="SourceFiles\VertexShader.h">
      <Filter>Input\Render\Shaders</Filter>
    </ClInclude>
    <ClInclude Include="SourceFiles\PixelShader.h">
      <Filter>Input\Render\Shaders</Filter>
    </ClInclude>
    <ClInclude Include="SourceFiles\DirectionalLight.h">
      <Filter>Input\Render\Structs</Filter>
    </ClInclude>
    <ClInclude Include="SourceFiles\Mesh.h">
      <Filter>Input\Render\Structs</Filter>
    </ClInclude>
    <ClInclude Include="SourceFiles\Vertex.h">
      <Filter>Input\Render\Structs</Filter>
    </ClInclude>
    <ClInclude Include="SourceFiles\Terrain.h">
      <Filter>Input\Render\Terrain</Filter>
    </ClInclude>
    <ClInclude Include="SourceFiles\CheckerboardTexture.h">
      <Filter>Input\Render\Textures</Filter>
    </ClInclude>
    <ClInclude Include="SourceFiles\draw_dat_browser.h">
      <Filter>GUI</Filter>
    </ClInclude>
    <ClInclude Include="SourceFiles\GuiGlobalConstants.h">
      <Filter>GUI</Filter>
    </ClInclude>
    <ClInclude Include="SourceFiles\AtexAsm.h">
      <Filter>Dat reader</Filter>
    </ClInclude>
    <ClInclude Include="SourceFiles\AtexReader.h">
      <Filter>Dat reader</Filter>
    </ClInclude>
    <ClInclude Include="SourceFiles\xentax.h">
      <Filter>Dat reader</Filter>
    </ClInclude>
    <ClInclude Include="SourceFiles\GWUnpacker.h">
      <Filter>Dat reader</Filter>
    </ClInclude>
    <ClInclude Include="SourceFiles\DATManager.h">
      <Filter>Dat reader</Filter>
    </ClInclude>
    <ClInclude Include="SourceFiles\FFNAType.h">
      <Filter>Dat reader\Dat file parsers</Filter>
    </ClInclude>
    <ClInclude Include="SourceFiles\StepTimer.h">
      <Filter>Common</Filter>
    </ClInclude>
    <ClInclude Include="SourceFiles\TextureManager.h">
      <Filter>Input\Render\Textures</Filter>
    </ClInclude>
    <ClInclude Include="SourceFiles\DeviceResources.h">
      <Filter>Common</Filter>
    </ClInclude>
    <ClInclude Include="SourceFiles\MapRenderer.h">
      <Filter>Input\Render</Filter>
    </ClInclude>
    <ClInclude Include="SourceFiles\draw_dat_load_progress_bar.h">
      <Filter>GUI</Filter>
    </ClInclude>
    <ClInclude Include="SourceFiles\draw_gui_for_open_dat_file.h">
      <Filter>GUI</Filter>
    </ClInclude>
    <ClInclude Include="SourceFiles\draw_ui.h">
      <Filter>GUI</Filter>
    </ClInclude>
    <ClInclude Include="SourceFiles\DXMathHelpers.h">
      <Filter>Input\Render\Math helpers</Filter>
    </ClInclude>
    <ClInclude Include="PerTerrainCB.h">
      <Filter>Input\Render\Constant buffers</Filter>
    </ClInclude>
    <ClInclude Include="TerrainCheckeredPixelShader.h">
      <Filter>Input\Render\Shaders\Pixel shaders\Terrain</Filter>
    </ClInclude>
    <ClInclude Include="DefaultPixelShader.h">
      <Filter>Input\Render\Shaders\Pixel shaders\Default</Filter>
    </ClInclude>
    <ClInclude Include="draw_left_panel.h">
      <Filter>GUI</Filter>
    </ClInclude>
    <ClInclude Include="draw_right_panel.h">
      <Filter>GUI</Filter>
    </ClInclude>
    <ClInclude Include="TerrainDefaultPixelShader.h">
      <Filter>Input\Render\Shaders\Pixel shaders\Terrain</Filter>
    </ClInclude>
    <ClInclude Include="SourceFiles\FFNA_MapFile.h">
      <Filter>Dat reader\Dat file parsers\Map</Filter>
    </ClInclude>
    <ClInclude Include="FFNA_ModelFile.h">
      <Filter>Dat reader\Dat file parsers\Model</Filter>
    </ClInclude>
    <ClInclude Include="draw_props_info_panel.h">
      <Filter>GUI\Draw map chunks info</Filter>
    </ClInclude>
    <ClInclude Include="draw_props_filenames_panel.h">
      <Filter>GUI\Draw map chunks info</Filter>
    </ClInclude>
    <ClInclude Include="draw_chunk_20000003.h">
      <Filter>GUI\Draw map chunks info</Filter>
    </ClInclude>
    <ClInclude Include="draw_terrain_chunk.h">
      <Filter>GUI\Draw map chunks info</Filter>
    </ClInclude>
    <ClInclude Include="draw_map_info_chunk.h">
      <Filter>GUI\Draw map chunks info</Filter>
    </ClInclude>
    <ClInclude Include="draw_chunk_20000000.h">
      <Filter>GUI\Draw map chunks info</Filter>
    </ClInclude>
    <ClInclude Include="draw_prop_model_info.h">
      <Filter>GUI\Draw model info</Filter>
    </ClInclude>
    <ClInclude Include="maps_constant_data.h">
      <Filter>Common</Filter>
    </ClInclude>
    <ClInclude Include="draw_texture_panel.h">
      <Filter>GUI\TexturePanel</Filter>
    </ClInclude>
    <ClInclude Include="DirectXTex\DDS.h">
      <Filter>Dat reader\DDS DirectXTex</Filter>
    </ClInclude>
    <ClInclude Include="DirectXTex\DirectXTex.h">
      <Filter>Dat reader\DDS DirectXTex</Filter>
    </ClInclude>
    <ClInclude Include="DirectXTex\DirectXTexP.h">
      <Filter>Dat reader\DDS DirectXTex</Filter>
    </ClInclude>
    <ClInclude Include="DirectXTex\scoped.h">
      <Filter>Dat reader\DDS DirectXTex</Filter>
    </ClInclude>
    <ClInclude Include="DirectXTex\DDSTextureLoader11.h">
      <Filter>Dat reader\DDS DirectXTex</Filter>
    </ClInclude>
    <ClInclude Include="DirectXTex\filters.h">
      <Filter>Dat reader\DDS DirectXTex</Filter>
    </ClInclude>
    <ClInclude Include="DirectXTex\BC.h">
      <Filter>Dat reader\DDS DirectXTex</Filter>
    </ClInclude>
    <ClInclude Include="BlendStateManager.h">
      <Filter>Input\Render\Blend</Filter>
    </ClInclude>
    <ClInclude Include="RasterizerStateManager.h">
      <Filter>Input\Render\Renderer</Filter>
    </ClInclude>
    <ClInclude Include="DepthStencilStateManager.h">
      <Filter>Input\Render\Renderer</Filter>
    </ClInclude>
    <ClInclude Include="TerrainTexturedPixelShader.h">
      <Filter>Input\Render\Shaders\Pixel shaders\Terrain</Filter>
    </ClInclude>
    <ClInclude Include="DirectXTex\FlexibleVertexFormat.h">
      <Filter>Dat reader\DDS DirectXTex</Filter>
    </ClInclude>
  </ItemGroup>
  <ItemGroup>
    <ClCompile Include="DearImGui\imgui.cpp">
      <Filter>Dear ImGui</Filter>
    </ClCompile>
    <ClCompile Include="DearImGui\imgui_demo.cpp">
      <Filter>Dear ImGui</Filter>
    </ClCompile>
    <ClCompile Include="DearImGui\imgui_impl_dx11.cpp">
      <Filter>Dear ImGui</Filter>
    </ClCompile>
    <ClCompile Include="DearImGui\imgui_impl_win32.cpp">
      <Filter>Dear ImGui</Filter>
    </ClCompile>
    <ClCompile Include="DearImGui\imgui_tables.cpp">
      <Filter>Dear ImGui</Filter>
    </ClCompile>
    <ClCompile Include="DearImGui\imgui_widgets.cpp">
      <Filter>Dear ImGui</Filter>
    </ClCompile>
    <ClCompile Include="DearImGui\imgui_draw.cpp">
      <Filter>Dear ImGui</Filter>
    </ClCompile>
    <ClCompile Include="ImGuiFileDialog-Lib_Only\ImGuiFileDialog.cpp">
      <Filter>Dear ImGui\ImGuiFileDialog</Filter>
    </ClCompile>
    <ClCompile Include="DearImGui\misc\cpp\imgui_stdlib.cpp">
      <Filter>Dear ImGui</Filter>
    </ClCompile>
    <ClCompile Include="SourceFiles\Main.cpp" />
    <ClCompile Include="SourceFiles\MapBrowser.cpp" />
    <ClCompile Include="SourceFiles\pch.cpp" />
    <ClCompile Include="SourceFiles\InputManager.cpp">
      <Filter>Input</Filter>
    </ClCompile>
    <ClCompile Include="SourceFiles\MouseMoveListener.cpp">
      <Filter>Input</Filter>
    </ClCompile>
    <ClCompile Include="SourceFiles\Box.cpp">
      <Filter>Input\Render\Basic shapes</Filter>
    </ClCompile>
    <ClCompile Include="SourceFiles\Line.cpp">
      <Filter>Input\Render\Basic shapes</Filter>
    </ClCompile>
    <ClCompile Include="SourceFiles\Sphere.cpp">
      <Filter>Input\Render\Basic shapes</Filter>
    </ClCompile>
    <ClCompile Include="SourceFiles\Camera.cpp">
      <Filter>Input\Render\Camera</Filter>
    </ClCompile>
    <ClCompile Include="SourceFiles\ConstantBufferManager.cpp">
      <Filter>Input\Render\Constant buffers</Filter>
    </ClCompile>
    <ClCompile Include="SourceFiles\PerCameraCB.cpp">
      <Filter>Input\Render\Constant buffers</Filter>
    </ClCompile>
    <ClCompile Include="SourceFiles\PerFrameCB.cpp">
      <Filter>Input\Render\Constant buffers</Filter>
    </ClCompile>
    <ClCompile Include="SourceFiles\PerObjectCB.cpp">
      <Filter>Input\Render\Constant buffers</Filter>
    </ClCompile>
    <ClCompile Include="SourceFiles\RenderConstants.cpp">
      <Filter>Input\Render\Render constants</Filter>
    </ClCompile>
    <ClCompile Include="SourceFiles\MeshInstance.cpp">
      <Filter>Input\Render\Renderer</Filter>
    </ClCompile>
    <ClCompile Include="SourceFiles\MeshManager.cpp">
      <Filter>Input\Render\Renderer</Filter>
    </ClCompile>
    <ClCompile Include="SourceFiles\RenderBatch.cpp">
      <Filter>Input\Render\Renderer</Filter>
    </ClCompile>
    <ClCompile Include="SourceFiles\RenderCommand.cpp">
      <Filter>Input\Render\Renderer</Filter>
    </ClCompile>
    <ClCompile Include="SourceFiles\VertexShader.cpp">
      <Filter>Input\Render\Shaders</Filter>
    </ClCompile>
    <ClCompile Include="SourceFiles\PixelShader.cpp">
      <Filter>Input\Render\Shaders</Filter>
    </ClCompile>
    <ClCompile Include="SourceFiles\DirectionalLight.cpp">
      <Filter>Input\Render\Structs</Filter>
    </ClCompile>
    <ClCompile Include="SourceFiles\Mesh.cpp">
      <Filter>Input\Render\Structs</Filter>
    </ClCompile>
    <ClCompile Include="SourceFiles\Vertex.cpp">
      <Filter>Input\Render\Structs</Filter>
    </ClCompile>
    <ClCompile Include="SourceFiles\Terrain.cpp">
      <Filter>Input\Render\Terrain</Filter>
    </ClCompile>
    <ClCompile Include="SourceFiles\CheckerboardTexture.cpp">
      <Filter>Input\Render\Textures</Filter>
    </ClCompile>
    <ClCompile Include="SourceFiles\draw_dat_browser.cpp">
      <Filter>GUI</Filter>
    </ClCompile>
    <ClCompile Include="SourceFiles\GuiGlobalConstants.cpp">
      <Filter>GUI</Filter>
    </ClCompile>
    <ClCompile Include="SourceFiles\AtexAsm.cpp">
      <Filter>Dat reader</Filter>
    </ClCompile>
    <ClCompile Include="SourceFiles\AtexReader.cpp">
      <Filter>Dat reader</Filter>
    </ClCompile>
    <ClCompile Include="SourceFiles\xentax.cpp">
      <Filter>Dat reader</Filter>
    </ClCompile>
    <ClCompile Include="SourceFiles\GWUnpacker.cpp">
      <Filter>Dat reader</Filter>
    </ClCompile>
    <ClCompile Include="SourceFiles\DATManager.cpp">
      <Filter>Dat reader</Filter>
    </ClCompile>
    <ClCompile Include="SourceFiles\DeviceResources.cpp">
      <Filter>Common</Filter>
    </ClCompile>
    <ClCompile Include="SourceFiles\TextureManager.cpp">
      <Filter>Input\Render\Textures</Filter>
    </ClCompile>
    <ClCompile Include="SourceFiles\MapRenderer.cpp">
      <Filter>Input\Render</Filter>
    </ClCompile>
    <ClCompile Include="SourceFiles\draw_dat_load_progress_bar.cpp">
      <Filter>GUI</Filter>
    </ClCompile>
    <ClCompile Include="SourceFiles\draw_gui_for_open_dat_file.cpp">
      <Filter>GUI</Filter>
    </ClCompile>
    <ClCompile Include="SourceFiles\draw_ui.cpp">
      <Filter>GUI</Filter>
    </ClCompile>
    <ClCompile Include="SourceFiles\DXMathHelpers.cpp">
      <Filter>Input\Render\Math helpers</Filter>
    </ClCompile>
    <ClCompile Include="PerTerrainCB.cpp">
      <Filter>Input\Render\Constant buffers</Filter>
    </ClCompile>
    <ClCompile Include="draw_left_panel.cpp">
      <Filter>GUI</Filter>
    </ClCompile>
    <ClCompile Include="draw_right_panel.cpp">
      <Filter>GUI</Filter>
    </ClCompile>
    <ClCompile Include="SourceFiles\FFNA_MapFile.cpp">
      <Filter>Dat reader\Dat file parsers\Map</Filter>
    </ClCompile>
    <ClCompile Include="FFNA_ModelFile.cpp">
      <Filter>Dat reader\Dat file parsers\Model</Filter>
    </ClCompile>
    <ClCompile Include="draw_props_filenames_panel.cpp">
      <Filter>GUI\Draw map chunks info</Filter>
    </ClCompile>
    <ClCompile Include="draw_props_info_panel.cpp">
      <Filter>GUI\Draw map chunks info</Filter>
    </ClCompile>
    <ClCompile Include="draw_chunk_20000003.cpp">
      <Filter>GUI\Draw map chunks info</Filter>
    </ClCompile>
    <ClCompile Include="draw_terrain_chunk.cpp">
      <Filter>GUI\Draw map chunks info</Filter>
    </ClCompile>
    <ClCompile Include="draw_map_info_chunk.cpp">
      <Filter>GUI\Draw map chunks info</Filter>
    </ClCompile>
    <ClCompile Include="draw_chunk_20000000.cpp">
      <Filter>GUI\Draw map chunks info</Filter>
    </ClCompile>
    <ClCompile Include="draw_prop_model_info.cpp">
      <Filter>GUI\Draw model info</Filter>
    </ClCompile>
    <ClCompile Include="draw_texture_panel.cpp">
      <Filter>GUI\TexturePanel</Filter>
    </ClCompile>
    <ClCompile Include="DirectXTex\DirectXTexDDS.cpp">
      <Filter>Dat reader\DDS DirectXTex</Filter>
    </ClCompile>
    <ClCompile Include="DirectXTex\DirectXTexUtil.cpp">
      <Filter>Dat reader\DDS DirectXTex</Filter>
    </ClCompile>
    <ClCompile Include="DirectXTex\DDSTextureLoader11.cpp">
      <Filter>Dat reader\DDS DirectXTex</Filter>
    </ClCompile>
    <ClCompile Include="DirectXTex\DirectXTexConvert.cpp">
      <Filter>Dat reader\DDS DirectXTex</Filter>
    </ClCompile>
    <ClCompile Include="DirectXTex\DirectXTexD3D11.cpp">
      <Filter>Dat reader\DDS DirectXTex</Filter>
    </ClCompile>
    <ClCompile Include="DirectXTex\DirectXTexImage.cpp">
      <Filter>Dat reader\DDS DirectXTex</Filter>
    </ClCompile>
    <ClCompile Include="DirectXTex\DirectXTexMipmaps.cpp">
      <Filter>Dat reader\DDS DirectXTex</Filter>
    </ClCompile>
    <ClCompile Include="DirectXTex\DirectXTexCompress.cpp">
      <Filter>Dat reader\DDS DirectXTex</Filter>
    </ClCompile>
    <ClCompile Include="DirectXTex\BC.cpp">
      <Filter>Dat reader\DDS DirectXTex</Filter>
    </ClCompile>
    <ClCompile Include="DirectXTex\BC4BC5.cpp">
      <Filter>Dat reader\DDS DirectXTex</Filter>
    </ClCompile>
    <ClCompile Include="DirectXTex\BC6HBC7.cpp">
      <Filter>Dat reader\DDS DirectXTex</Filter>
    </ClCompile>
    <ClCompile Include="DirectXTex\DirectXTexWIC.cpp">
      <Filter>Dat reader\DDS DirectXTex</Filter>
    </ClCompile>
    <ClCompile Include="BlendStateManager.cpp">
      <Filter>Input\Render\Blend</Filter>
    </ClCompile>
    <ClCompile Include="RasterizerStateManager.cpp">
      <Filter>Input\Render\Renderer</Filter>
    </ClCompile>
    <ClCompile Include="DepthStencilStateManager.cpp">
      <Filter>Input\Render\Renderer</Filter>
    </ClCompile>
  </ItemGroup>
  <ItemGroup>
    <ResourceCompile Include="SourceFiles\resource.rc" />
  </ItemGroup>
  <ItemGroup>
    <Image Include="SourceFiles\directx.ico">
      <Filter>Assets</Filter>
    </Image>
  </ItemGroup>
  <ItemGroup>
    <Manifest Include="SourceFiles\settings.manifest" />
  </ItemGroup>
  <ItemGroup>
    <Text Include="DearImGui\LICENSE.txt">
      <Filter>Dear ImGui</Filter>
    </Text>
  </ItemGroup>
  <ItemGroup>
    <None Include="ImGuiFileDialog-Lib_Only\LICENSE">
      <Filter>Dear ImGui\ImGuiFileDialog</Filter>
    </None>
    <None Include="ImGuiFileDialog-Lib_Only\README.md">
      <Filter>Dear ImGui\ImGuiFileDialog</Filter>
    </None>
    <None Include="ImGuiFileDialog-Lib_Only\dirent\ChangeLog">
      <Filter>Dear ImGui\ImGuiFileDialog\dirent</Filter>
    </None>
    <None Include="ImGuiFileDialog-Lib_Only\dirent\LICENSE">
      <Filter>Dear ImGui\ImGuiFileDialog\dirent</Filter>
    </None>
    <None Include="ImGuiFileDialog-Lib_Only\dirent\README.md">
      <Filter>Dear ImGui\ImGuiFileDialog\dirent</Filter>
    </None>
    <None Include="SourceFiles\imgui.ini" />
    <None Include="DirectXTex\DirectXTex.inl">
      <Filter>Dat reader\DDS DirectXTex</Filter>
    </None>
  </ItemGroup>
  <ItemGroup>
    <FxCompile Include="SourceFiles\VertexShader.hlsl">
      <Filter>Input\Render\Shaders</Filter>
    </FxCompile>
    <FxCompile Include="TerrainCheckeredPixelShader.hlsl">
      <Filter>Input\Render\Shaders\Pixel shaders\Terrain</Filter>
    </FxCompile>
    <FxCompile Include="SourceFiles\DefaultPixelShader.hlsl">
      <Filter>Input\Render\Shaders\Pixel shaders\Default</Filter>
    </FxCompile>
    <FxCompile Include="TerrainDefaultPixelShader.hlsl">
      <Filter>Input\Render\Shaders\Pixel shaders\Terrain</Filter>
    </FxCompile>
    <FxCompile Include="TerrainTexturedPixelShader.hlsl">
      <Filter>Input\Render\Shaders\Pixel shaders\Terrain</Filter>
    </FxCompile>
  </ItemGroup>
</Project>